
Microsoft Visual Studio Solution File, Format Version 12.00
# Visual Studio Version 17
VisualStudioVersion = 17.4.33103.184
MinimumVisualStudioVersion = 10.0.40219.1
Project("{FAE04EC0-301F-11D3-BF4B-00C04F79EFBC}") = "curs8-partea2(split)", "curs8-partea2(split).csproj", "{CCFEF9FB-F8F1-453B-A3BE-A8D65A516677}"
EndProject
Global
	GlobalSection(SolutionConfigurationPlatforms) = preSolution
		Debug|Any CPU = Debug|Any CPU
		Release|Any CPU = Release|Any CPU
	EndGlobalSection
	GlobalSection(ProjectConfigurationPlatforms) = postSolution
		{CCFEF9FB-F8F1-453B-A3BE-A8D65A516677}.Debug|Any CPU.ActiveCfg = Debug|Any CPU
		{CCFEF9FB-F8F1-453B-A3BE-A8D65A516677}.Debug|Any CPU.Build.0 = Debug|Any CPU
		{CCFEF9FB-F8F1-453B-A3BE-A8D65A516677}.Release|Any CPU.ActiveCfg = Release|Any CPU
		{CCFEF9FB-F8F1-453B-A3BE-A8D65A516677}.Release|Any CPU.Build.0 = Release|Any CPU
	EndGlobalSection
	GlobalSection(SolutionProperties) = preSolution
		HideSolutionNode = FALSE
	EndGlobalSection
	GlobalSection(ExtensibilityGlobals) = postSolution
		SolutionGuid = {41B40A42-28BE-421F-89CC-06275D030E1A}
	EndGlobalSection
EndGlobal
