
Microsoft Visual Studio Solution File, Format Version 12.00
# Visual Studio Version 17
VisualStudioVersion = 17.4.33103.184
MinimumVisualStudioVersion = 10.0.40219.1
Project("{FAE04EC0-301F-11D3-BF4B-00C04F79EFBC}") = "Prim_wf", "Prim_wf.csproj", "{2A57EFB2-221C-462D-B2ED-D0D83F6DFAF3}"
EndProject
Global
	GlobalSection(SolutionConfigurationPlatforms) = preSolution
		Debug|Any CPU = Debug|Any CPU
		Release|Any CPU = Release|Any CPU
	EndGlobalSection
	GlobalSection(ProjectConfigurationPlatforms) = postSolution
		{2A57EFB2-221C-462D-B2ED-D0D83F6DFAF3}.Debug|Any CPU.ActiveCfg = Debug|Any CPU
		{2A57EFB2-221C-462D-B2ED-D0D83F6DFAF3}.Debug|Any CPU.Build.0 = Debug|Any CPU
		{2A57EFB2-221C-462D-B2ED-D0D83F6DFAF3}.Release|Any CPU.ActiveCfg = Release|Any CPU
		{2A57EFB2-221C-462D-B2ED-D0D83F6DFAF3}.Release|Any CPU.Build.0 = Release|Any CPU
	EndGlobalSection
	GlobalSection(SolutionProperties) = preSolution
		HideSolutionNode = FALSE
	EndGlobalSection
	GlobalSection(ExtensibilityGlobals) = postSolution
		SolutionGuid = {C3A2FD98-8EC8-48D2-8922-573C6CE5C39A}
	EndGlobalSection
EndGlobal
