
Microsoft Visual Studio Solution File, Format Version 12.00
# Visual Studio Version 17
VisualStudioVersion = 17.8.34322.80
MinimumVisualStudioVersion = 10.0.40219.1
Project("{FAE04EC0-301F-11D3-BF4B-00C04F79EFBC}") = "Seminar7", "Seminar7.csproj", "{8360925E-60FD-4613-8230-CAF0712EF451}"
EndProject
Global
	GlobalSection(SolutionConfigurationPlatforms) = preSolution
		Debug|Any CPU = Debug|Any CPU
		Release|Any CPU = Release|Any CPU
	EndGlobalSection
	GlobalSection(ProjectConfigurationPlatforms) = postSolution
		{8360925E-60FD-4613-8230-CAF0712EF451}.Debug|Any CPU.ActiveCfg = Debug|Any CPU
		{8360925E-60FD-4613-8230-CAF0712EF451}.Debug|Any CPU.Build.0 = Debug|Any CPU
		{8360925E-60FD-4613-8230-CAF0712EF451}.Release|Any CPU.ActiveCfg = Release|Any CPU
		{8360925E-60FD-4613-8230-CAF0712EF451}.Release|Any CPU.Build.0 = Release|Any CPU
	EndGlobalSection
	GlobalSection(SolutionProperties) = preSolution
		HideSolutionNode = FALSE
	EndGlobalSection
	GlobalSection(ExtensibilityGlobals) = postSolution
		SolutionGuid = {08BABDA5-6000-4FFE-9C90-3E73BD4289C6}
	EndGlobalSection
EndGlobal
